
Microsoft Visual Studio Solution File, Format Version 12.00
# Visual Studio Version 17
VisualStudioVersion = 17.0.31903.59
MinimumVisualStudioVersion = 10.0.40219.1
Project("{FAE04EC0-301F-11D3-BF4B-00C04F79EFBC}") = "Domain", "Domain\Domain.csproj", "{8C46A9EA-EDA8-41BD-BED8-C0967D666214}"
EndProject
Project("{FAE04EC0-301F-11D3-BF4B-00C04F79EFBC}") = "Repository", "Repository\Repository.csproj", "{C02B8CE5-2270-4112-A276-00752CE8DD7A}"
EndProject
Project("{FAE04EC0-301F-11D3-BF4B-00C04F79EFBC}") = "WebAPI", "WebAPI\WebAPI.csproj", "{B3A67F87-F0D8-4532-A4B6-8C1CC30609B1}"
EndProject
Global
	GlobalSection(SolutionConfigurationPlatforms) = preSolution
		Debug|Any CPU = Debug|Any CPU
		Debug|x64 = Debug|x64
		Debug|x86 = Debug|x86
		Release|Any CPU = Release|Any CPU
		Release|x64 = Release|x64
		Release|x86 = Release|x86
	EndGlobalSection
	GlobalSection(ProjectConfigurationPlatforms) = postSolution
		{8C46A9EA-EDA8-41BD-BED8-C0967D666214}.Debug|Any CPU.ActiveCfg = Debug|Any CPU
		{8C46A9EA-EDA8-41BD-BED8-C0967D666214}.Debug|Any CPU.Build.0 = Debug|Any CPU
		{8C46A9EA-EDA8-41BD-BED8-C0967D666214}.Debug|x64.ActiveCfg = Debug|Any CPU
		{8C46A9EA-EDA8-41BD-BED8-C0967D666214}.Debug|x64.Build.0 = Debug|Any CPU
		{8C46A9EA-EDA8-41BD-BED8-C0967D666214}.Debug|x86.ActiveCfg = Debug|Any CPU
		{8C46A9EA-EDA8-41BD-BED8-C0967D666214}.Debug|x86.Build.0 = Debug|Any CPU
		{8C46A9EA-EDA8-41BD-BED8-C0967D666214}.Release|Any CPU.ActiveCfg = Release|Any CPU
		{8C46A9EA-EDA8-41BD-BED8-C0967D666214}.Release|Any CPU.Build.0 = Release|Any CPU
		{8C46A9EA-EDA8-41BD-BED8-C0967D666214}.Release|x64.ActiveCfg = Release|Any CPU
		{8C46A9EA-EDA8-41BD-BED8-C0967D666214}.Release|x64.Build.0 = Release|Any CPU
		{8C46A9EA-EDA8-41BD-BED8-C0967D666214}.Release|x86.ActiveCfg = Release|Any CPU
		{8C46A9EA-EDA8-41BD-BED8-C0967D666214}.Release|x86.Build.0 = Release|Any CPU
		{C02B8CE5-2270-4112-A276-00752CE8DD7A}.Debug|Any CPU.ActiveCfg = Debug|Any CPU
		{C02B8CE5-2270-4112-A276-00752CE8DD7A}.Debug|Any CPU.Build.0 = Debug|Any CPU
		{C02B8CE5-2270-4112-A276-00752CE8DD7A}.Debug|x64.ActiveCfg = Debug|Any CPU
		{C02B8CE5-2270-4112-A276-00752CE8DD7A}.Debug|x64.Build.0 = Debug|Any CPU
		{C02B8CE5-2270-4112-A276-00752CE8DD7A}.Debug|x86.ActiveCfg = Debug|Any CPU
		{C02B8CE5-2270-4112-A276-00752CE8DD7A}.Debug|x86.Build.0 = Debug|Any CPU
		{C02B8CE5-2270-4112-A276-00752CE8DD7A}.Release|Any CPU.ActiveCfg = Release|Any CPU
		{C02B8CE5-2270-4112-A276-00752CE8DD7A}.Release|Any CPU.Build.0 = Release|Any CPU
		{C02B8CE5-2270-4112-A276-00752CE8DD7A}.Release|x64.ActiveCfg = Release|Any CPU
		{C02B8CE5-2270-4112-A276-00752CE8DD7A}.Release|x64.Build.0 = Release|Any CPU
		{C02B8CE5-2270-4112-A276-00752CE8DD7A}.Release|x86.ActiveCfg = Release|Any CPU
		{C02B8CE5-2270-4112-A276-00752CE8DD7A}.Release|x86.Build.0 = Release|Any CPU
		{B3A67F87-F0D8-4532-A4B6-8C1CC30609B1}.Debug|Any CPU.ActiveCfg = Debug|Any CPU
		{B3A67F87-F0D8-4532-A4B6-8C1CC30609B1}.Debug|Any CPU.Build.0 = Debug|Any CPU
		{B3A67F87-F0D8-4532-A4B6-8C1CC30609B1}.Debug|x64.ActiveCfg = Debug|Any CPU
		{B3A67F87-F0D8-4532-A4B6-8C1CC30609B1}.Debug|x64.Build.0 = Debug|Any CPU
		{B3A67F87-F0D8-4532-A4B6-8C1CC30609B1}.Debug|x86.ActiveCfg = Debug|Any CPU
		{B3A67F87-F0D8-4532-A4B6-8C1CC30609B1}.Debug|x86.Build.0 = Debug|Any CPU
		{B3A67F87-F0D8-4532-A4B6-8C1CC30609B1}.Release|Any CPU.ActiveCfg = Release|Any CPU
		{B3A67F87-F0D8-4532-A4B6-8C1CC30609B1}.Release|Any CPU.Build.0 = Release|Any CPU
		{B3A67F87-F0D8-4532-A4B6-8C1CC30609B1}.Release|x64.ActiveCfg = Release|Any CPU
		{B3A67F87-F0D8-4532-A4B6-8C1CC30609B1}.Release|x64.Build.0 = Release|Any CPU
		{B3A67F87-F0D8-4532-A4B6-8C1CC30609B1}.Release|x86.ActiveCfg = Release|Any CPU
		{B3A67F87-F0D8-4532-A4B6-8C1CC30609B1}.Release|x86.Build.0 = Release|Any CPU
	EndGlobalSection
	GlobalSection(SolutionProperties) = preSolution
		HideSolutionNode = FALSE
	EndGlobalSection
EndGlobal
